<?xml version="1.0" encoding="utf-8"?>
<Project ToolsVersion="4.0" xmlns="http://schemas.microsoft.com/developer/msbuild/2003">
  <ItemGroup>
    <ClCompile Include="src\settings.cpp">
      <Filter>src\Misc</Filter>
    </ClCompile>
    <ClCompile Include="src\customevents.cpp">
      <Filter>src\Frontend</Filter>
    </ClCompile>
    <ClCompile Include="src\winmain.cpp">
      <Filter>src\Frontend</Filter>
    </ClCompile>
    <ClCompile Include="src\winmainbase.cpp">
      <Filter>src\Frontend</Filter>
    </ClCompile>
    <ClCompile Include="src\eventmanager.cpp">
      <Filter>src\Frontend</Filter>
    </ClCompile>
    <ClCompile Include="src\main.cpp">
      <Filter>src</Filter>
    </ClCompile>
    <ClCompile Include="src\websocket.cpp">
      <Filter>src\Misc</Filter>
    </ClCompile>
    <ClCompile Include="src\sceneswitcher.cpp">
      <Filter>src\Misc</Filter>
    </ClCompile>
  </ItemGroup>
  <ItemGroup>
    <ClInclude Include="src\settings.hpp">
      <Filter>src\Misc</Filter>
    </ClInclude>
    <ClInclude Include="src\customevents.h">
      <Filter>src\Frontend</Filter>
    </ClInclude>
    <ClInclude Include="src\winmain.hpp">
      <Filter>src\Frontend</Filter>
    </ClInclude>
    <ClInclude Include="src\winmainbase.h">
      <Filter>src\Frontend</Filter>
    </ClInclude>
    <ClInclude Include="src\eventmanager.hpp">
      <Filter>src\Frontend</Filter>
    </ClInclude>
    <ClInclude Include="src\logger.hpp">
      <Filter>src\Misc</Filter>
    </ClInclude>
    <ClInclude Include="src\websocket.hpp">
      <Filter>src\Misc</Filter>
    </ClInclude>
    <ClInclude Include="src\sceneswitcher.hpp">
      <Filter>src\Misc</Filter>
    </ClInclude>
  </ItemGroup>
  <ItemGroup>
    <Filter Include="src">
      <UniqueIdentifier>{662df459-c80b-4eed-a2cb-6a606108d444}</UniqueIdentifier>
    </Filter>
    <Filter Include="src\Misc">
      <UniqueIdentifier>{13d83c88-0c19-49be-b988-40c52801d043}</UniqueIdentifier>
    </Filter>
    <Filter Include="src\Frontend">
      <UniqueIdentifier>{d63d2dff-c799-4ee1-875f-f4c65e8514b9}</UniqueIdentifier>
    </Filter>
  </ItemGroup>
</Project>