<?xml version="1.0" encoding="utf-8"?>
<Project ToolsVersion="4.0" xmlns="http://schemas.microsoft.com/developer/msbuild/2003">
  <ItemGroup>
    <ClCompile Include="main.cpp">
      <Filter>src</Filter>
    </ClCompile>
    <ClCompile Include="obsws.cpp">
      <Filter>src\main functionality</Filter>
    </ClCompile>
    <ClCompile Include="settings.cpp">
      <Filter>src\core functionality</Filter>
    </ClCompile>
    <ClCompile Include="logger.cpp">
      <Filter>src\core functionality</Filter>
    </ClCompile>
    <ClCompile Include="imgrecog.cpp">
      <Filter>src\main functionality</Filter>
    </ClCompile>
    <ClCompile Include="settingswindow.cpp">
      <Filter>src\GUI Functionality</Filter>
    </ClCompile>
    <ClCompile Include="mainwindow.cpp">
      <Filter>src\GUI Functionality\main window</Filter>
    </ClCompile>
    <ClCompile Include="text_panel.cpp">
      <Filter>src\GUI Functionality\main window</Filter>
    </ClCompile>
  </ItemGroup>
  <ItemGroup>
    <ClInclude Include="obsws.hpp">
      <Filter>src\main functionality</Filter>
    </ClInclude>
    <ClInclude Include="settings.hpp">
      <Filter>src\core functionality</Filter>
    </ClInclude>
    <ClInclude Include="logger.hpp">
      <Filter>src\core functionality</Filter>
    </ClInclude>
    <ClInclude Include="imgrecog.hpp">
      <Filter>src\main functionality</Filter>
    </ClInclude>
    <ClInclude Include="settingswindow.hpp">
      <Filter>src\GUI Functionality</Filter>
    </ClInclude>
    <ClInclude Include="mainwindow.hpp">
      <Filter>src\GUI Functionality\main window</Filter>
    </ClInclude>
    <ClInclude Include="text_panel.hpp">
      <Filter>src\GUI Functionality\main window</Filter>
    </ClInclude>
  </ItemGroup>
  <ItemGroup>
    <None Include="moduleheader.template" />
  </ItemGroup>
  <ItemGroup>
    <Filter Include="src">
      <UniqueIdentifier>{662df459-c80b-4eed-a2cb-6a606108d444}</UniqueIdentifier>
    </Filter>
    <Filter Include="src\main functionality">
      <UniqueIdentifier>{07df0984-7f6d-4d72-ab87-05d844dba17a}</UniqueIdentifier>
    </Filter>
    <Filter Include="src\core functionality">
      <UniqueIdentifier>{1ab6fab9-59ac-46b0-b537-ea8f8977b291}</UniqueIdentifier>
    </Filter>
    <Filter Include="src\GUI Functionality">
      <UniqueIdentifier>{df196c63-1190-4aa0-af93-af8bc5493e1b}</UniqueIdentifier>
    </Filter>
    <Filter Include="src\GUI Functionality\main window">
      <UniqueIdentifier>{6ec7203a-36f1-4bd6-bb1e-229dcc801af1}</UniqueIdentifier>
    </Filter>
  </ItemGroup>
</Project>